<?xml version="1.0" encoding="utf-8"?>
<Project ToolsVersion="4.0" xmlns="http://schemas.microsoft.com/developer/msbuild/2003">
  <ItemGroup>
    <Filter Include="源文件">
      <UniqueIdentifier>{4FC737F1-C7A5-4376-A066-2A32D752A2FF}</UniqueIdentifier>
      <Extensions>cpp;c;cc;cxx;def;odl;idl;hpj;bat;asm;asmx</Extensions>
    </Filter>
    <Filter Include="头文件">
      <UniqueIdentifier>{93995380-89BD-4b04-88EB-625FBE52EBFB}</UniqueIdentifier>
      <Extensions>h;hpp;hxx;hm;inl;inc;xsd</Extensions>
    </Filter>
    <Filter Include="资源文件">
      <UniqueIdentifier>{67DA6AB6-F800-4c08-8B7A-83BB121AAD01}</UniqueIdentifier>
      <Extensions>rc;ico;cur;bmp;dlg;rc2;rct;bin;rgs;gif;jpg;jpeg;jpe;resx;tiff;tif;png;wav;mfcribbon-ms</Extensions>
    </Filter>
    <Filter Include="cex">
      <UniqueIdentifier>{9637be91-4d78-43dc-8a74-10881fce704a}</UniqueIdentifier>
    </Filter>
    <Filter Include="src">
      <UniqueIdentifier>{047885c0-2d74-46a8-bba3-0ba49e75d84a}</UniqueIdentifier>
    </Filter>
  </ItemGroup>
  <ItemGroup>
    <Text Include="ReadMe.txt" />
  </ItemGroup>
  <ItemGroup>
    <ClInclude Include="stdafx.h">
      <Filter>头文件</Filter>
    </ClInclude>
    <ClInclude Include="targetver.h">
      <Filter>头文件</Filter>
    </ClInclude>
    <ClInclude Include="..\cex\Delegate.hpp">
      <Filter>cex</Filter>
    </ClInclude>
    <ClInclude Include="..\cex\DeltaReflection.h">
      <Filter>cex</Filter>
    </ClInclude>
    <ClInclude Include="..\cex\MessageMapCom.h">
      <Filter>cex</Filter>
    </ClInclude>
    <ClInclude Include="..\cex\MetaProgram.hpp">
      <Filter>cex</Filter>
    </ClInclude>
    <ClInclude Include="..\cex\UnTest.h">
      <Filter>cex</Filter>
    </ClInclude>
  </ItemGroup>
  <ItemGroup>
    <ClCompile Include="stdafx.cpp">
      <Filter>源文件</Filter>
    </ClCompile>
    <ClCompile Include="cppExtLib.cpp">
      <Filter>源文件</Filter>
    </ClCompile>
    <ClCompile Include="dllmain.cpp">
      <Filter>源文件</Filter>
    </ClCompile>
    <ClCompile Include="src\DeltaReflection.cpp">
      <Filter>src</Filter>
    </ClCompile>
    <ClCompile Include="src\UnTest.cpp">
      <Filter>src</Filter>
    </ClCompile>
    <ClCompile Include="src\MessageMapCom.cpp">
      <Filter>src</Filter>
    </ClCompile>
  </ItemGroup>
  <ItemGroup>
    <None Include="..\cex\config">
      <Filter>cex</Filter>
    </None>
  </ItemGroup>
</Project>